
Microsoft Visual Studio Solution File, Format Version 12.00
# Visual Studio Version 16
VisualStudioVersion = 16.0.29728.190
MinimumVisualStudioVersion = 10.0.40219.1
Project("{FAE04EC0-301F-11D3-BF4B-00C04F79EFBC}") = "laba1", "laba1\laba1.csproj", "{6B7E26BF-4179-44E7-A3E9-0D078831FFE0}"
EndProject
Global
	GlobalSection(SolutionConfigurationPlatforms) = preSolution
		Debug|Any CPU = Debug|Any CPU
		Release|Any CPU = Release|Any CPU
	EndGlobalSection
	GlobalSection(ProjectConfigurationPlatforms) = postSolution
		{6B7E26BF-4179-44E7-A3E9-0D078831FFE0}.Debug|Any CPU.ActiveCfg = Debug|Any CPU
		{6B7E26BF-4179-44E7-A3E9-0D078831FFE0}.Debug|Any CPU.Build.0 = Debug|Any CPU
		{6B7E26BF-4179-44E7-A3E9-0D078831FFE0}.Release|Any CPU.ActiveCfg = Release|Any CPU
		{6B7E26BF-4179-44E7-A3E9-0D078831FFE0}.Release|Any CPU.Build.0 = Release|Any CPU
	EndGlobalSection
	GlobalSection(SolutionProperties) = preSolution
		HideSolutionNode = FALSE
	EndGlobalSection
	GlobalSection(ExtensibilityGlobals) = postSolution
		SolutionGuid = {40C224B1-2857-4EF4-B7B6-04B8C1F9E8ED}
	EndGlobalSection
EndGlobal
