
Microsoft Visual Studio Solution File, Format Version 12.00
# Visual Studio Version 16
VisualStudioVersion = 16.0.29728.190
MinimumVisualStudioVersion = 10.0.40219.1
Project("{FAE04EC0-301F-11D3-BF4B-00C04F79EFBC}") = "Оганян_tomogram_visualizer", "Оганян_tomogram_visualizer\Оганян_tomogram_visualizer.csproj", "{C3CBDC51-DE43-4357-BD0F-17E993317D22}"
EndProject
Global
	GlobalSection(SolutionConfigurationPlatforms) = preSolution
		Debug|Any CPU = Debug|Any CPU
		Release|Any CPU = Release|Any CPU
	EndGlobalSection
	GlobalSection(ProjectConfigurationPlatforms) = postSolution
		{C3CBDC51-DE43-4357-BD0F-17E993317D22}.Debug|Any CPU.ActiveCfg = Debug|Any CPU
		{C3CBDC51-DE43-4357-BD0F-17E993317D22}.Debug|Any CPU.Build.0 = Debug|Any CPU
		{C3CBDC51-DE43-4357-BD0F-17E993317D22}.Release|Any CPU.ActiveCfg = Release|Any CPU
		{C3CBDC51-DE43-4357-BD0F-17E993317D22}.Release|Any CPU.Build.0 = Release|Any CPU
	EndGlobalSection
	GlobalSection(SolutionProperties) = preSolution
		HideSolutionNode = FALSE
	EndGlobalSection
	GlobalSection(ExtensibilityGlobals) = postSolution
		SolutionGuid = {B843A319-1287-4095-BBC9-07B0930B07B5}
	EndGlobalSection
EndGlobal
